
Microsoft Visual Studio Solution File, Format Version 12.00
# Visual Studio Version 17
VisualStudioVersion = 17.13.35806.99 d17.13
MinimumVisualStudioVersion = 10.0.40219.1
Project("{FAE04EC0-301F-11D3-BF4B-00C04F79EFBC}") = "TransportTask", "TransportTask.csproj", "{2078A586-DB62-48FB-BBCA-AFC1F3F0646B}"
EndProject
Global
	GlobalSection(SolutionConfigurationPlatforms) = preSolution
		Debug|Any CPU = Debug|Any CPU
		Release|Any CPU = Release|Any CPU
	EndGlobalSection
	GlobalSection(ProjectConfigurationPlatforms) = postSolution
		{2078A586-DB62-48FB-BBCA-AFC1F3F0646B}.Debug|Any CPU.ActiveCfg = Debug|Any CPU
		{2078A586-DB62-48FB-BBCA-AFC1F3F0646B}.Debug|Any CPU.Build.0 = Debug|Any CPU
		{2078A586-DB62-48FB-BBCA-AFC1F3F0646B}.Release|Any CPU.ActiveCfg = Release|Any CPU
		{2078A586-DB62-48FB-BBCA-AFC1F3F0646B}.Release|Any CPU.Build.0 = Release|Any CPU
	EndGlobalSection
	GlobalSection(SolutionProperties) = preSolution
		HideSolutionNode = FALSE
	EndGlobalSection
	GlobalSection(ExtensibilityGlobals) = postSolution
		SolutionGuid = {FD2FF82C-32A0-4860-9D74-6B84A612B24C}
	EndGlobalSection
EndGlobal
